github.com/beevik/etree v1.5.0 h1:iaQZFSDS+3kYZiGoc9uKeOkUY3nYMXOKLl6KIJxiJWs=
github.com/beevik/etree v1.5.0/go.mod h1:gPNJNaBGVZ9AwsidazFZyygnd+0pAU38N4D+WemwKNs=
github.com/benoitkugler/textlayout-testdata v0.1.1 h1:AvFxBxpfrQd8v55qH59mZOJOQjtD6K2SFe9/HvnIbJk=
github.com/benoitkugler/textlayout-testdata v0.1.1/go.mod h1:i/qZl09BbUOtd7Bu/W1CAubRwTWrEXWq6JwMkw8wYxo=
github.com/boxesandglue/baseline-pdf v1.0.6 h1:qGCMIVionNgS7UpmrOTaJIcAXFSaqrALtECTqIcV0E0=
github.com/boxesandglue/baseline-pdf v1.0.6/go.mod h1:hk72EshgS7535d8pTboigR3IHblDkFa789AEmBE57BU=
github.com/boxesandglue/boxesandglue v0.1.9 h1:11gn7rGG6ojDHeWXUJyNLOGxrD2yhILR6a4LB/jEEEA=
github.com/boxesandglue/boxesandglue v0.1.9/go.mod h1:Nd9uX8FBHG1/D2TwgA1q8CUnU2++k7Yi4Th/LeOxaIk=
github.com/boxesandglue/gofpdi v1.0.19 h1:GZX1/akVhVsZgCwjc/jTbJZ6kuoHw7CvwwGzF9Ie37U=
github.com/boxesandglue/gofpdi v1.0.19/go.mod h1:4wg4byd8re5WDzpSp9F4ODu5UjbeBc0sXXx15HTK4OI=
github.com/boxesandglue/textlayout v1.0.4 h1:xNFAOqHFGYEvlTynheyzZGyVG0tQ8iYHn4e1fVvtcmE=
github.com/boxesandglue/textlayout v1.0.4/go.mod h1:3tRmlcJxdD64z1azBwjYAeOOzEDqvIfwyz9Tp+HDebg=
github.com/creack/pty v1.1.9/go.mod h1:oKZEueFk5CKHvIhNR5MUki03XCEU+Q6VDXinZuGJ33E=
github.com/davecgh/go-spew v1.1.2-0.20180830191138-d8f796af33cc h1:U9qPSI2PIWSS1VwoXQT9A3Wy9MM3WgvqSxFWenqJduM=
github.com/davecgh/go-spew v1.1.2-0.20180830191138-d8f796af33cc/go.mod h1:J7Y8YcW2NihsgmVo/mv3lAwl/skON4iLHjSsI+c5H38=
github.com/google/uuid v1.6.0 h1:NIvaJDMOsjHA8n1jAhLSgzrAzy1Hgr+hNrb57e+94F0=
github.com/google/uuid v1.6.0/go.mod h1:TIyPZe4MgqvfeYDBFedMoGGpEw/LqOeaOT+nhxU+yHo=
github.com/kr/pretty v0.3.1 h1:flRD4NNwYAUpkphVc1HcthR4KEIFJ65n8Mw5qdRn3LE=
github.com/kr/pretty v0.3.1/go.mod h1:hoEshYVHaxMs3cyo3Yncou5ZscifuDolrwPKZanG3xk=
github.com/kr/text v0.2.0 h1:5Nx0Ya0ZqY2ygV366QzturHI13Jq95ApcVaJBhpS+AY=
github.com/kr/text v0.2.0/go.mod h1:eLer722TekiGuMkidMxC/pM04lWEeraHUUmBw8l2grE=
github.com/pmezard/go-difflib v1.0.1-0.20181226105442-5d4384ee4fb2 h1:Jamvg5psRIccs7FGNTlIRMkT8wgtp5eCXdBlqhYGL6U=
github.com/pmezard/go-difflib v1.0.1-0.20181226105442-5d4384ee4fb2/go.mod h1:iKH77koFhYxTK1pcRnkKkqfTogsbg7gZNVY4sRDYZ/4=
github.com/risor-io/risor v1.7.0 h1:Na+eUTaWHa1pOjRUdhCEKWFStQT8VnsgthZ2vUqk3rg=
github.com/risor-io/risor v1.7.0/go.mod h1:aDLqChiRcPwIbD6gvaNdpXJiKRxZ8w6bUAKIcDEB3q0=
github.com/rogpeppe/go-internal v1.12.0 h1:exVL4IDcn6na9z1rAb56Vxr+CgyK3nn3O+epU5NdKM8=
github.com/rogpeppe/go-internal v1.12.0/go.mod h1:E+RYuTGaKKdloAfM02xzb0FW3Paa99yedzYV+kq4uf4=
github.com/speedata/cxpath v0.0.3 h1:0E/h2TEwOTOU8+ccG+OzePsbgdMHdpdkQ3qyloX31ko=
github.com/speedata/cxpath v0.0.3/go.mod h1:zqS/52UF+rYZ3a4FxQ2FmepzV6UAdUlfBoQl8i+cJMM=
github.com/speedata/goxml v1.0.4 h1:b/Y2haU0cwAeU1DJ7xGGPUk9AvmHtobnW0uOH8Ep5Ak=
github.com/speedata/goxml v1.0.4/go.mod h1:G++cv0h2rC8ltAhvQmANDgwMbKRd3MetXlF8PLob6dw=
github.com/speedata/goxpath v1.0.3 h1:V0nYlYxTz+m1QFgXTPW6pKbODa8fLmMV3JOs1zg7SrI=
github.com/speedata/goxpath v1.0.3/go.mod h1:3k2LikzJOQBJw1cEwT3RnpPTnXEwmFJqp+zUfOl6ArM=
github.com/speedata/hyphenation v1.0.1 h1:O9gKtVw2JvyiHybCYJwpB3zzHaeXEvDtXjiExZdm1TU=
github.com/speedata/hyphenation v1.0.1/go.mod h1:vwrKKvBvJWFll0sVZw99hyWS/+r4YlMI7MAYjnje0nM=
github.com/speedata/risorcxpath v0.0.1 h1:fzQoL9LuMquDr+AP8kbrLLkwdSX2tycIxAnzXUldDxA=
github.com/speedata/risorcxpath v0.0.1/go.mod h1:selEbR4dLhy4U58UF7/EgyVoYdrT3+iuqFvXLtJokEw=
github.com/stretchr/testify v1.9.0 h1:HtqpIVDClZ4nwg75+f6Lvsy/wHu+3BoSGCbBAcpTsTg=
github.com/stretchr/testify v1.9.0/go.mod h1:r2ic/lqez/lEtzL7wO/rwa5dbSLXVDPFyf8C91i36aY=
golang.org/x/image v0.18.0 h1:jGzIakQa/ZXI1I0Fxvaa9W7yP25TqT6cHIHn+6CqvSQ=
golang.org/x/image v0.18.0/go.mod h1:4yyo5vMFQjVjUcVk4jEQcU9MGy/rulF5WvUILseCM2E=
golang.org/x/net v0.39.0 h1:ZCu7HMWDxpXpaiKdhzIfaltL9Lp31x/3fCP11bc6/fY=
golang.org/x/net v0.39.0/go.mod h1:X7NRbYVEA+ewNkCNyJ513WmMdQ3BineSwVtN2zD/d+E=
golang.org/x/text v0.24.0 h1:dd5Bzh4yt5KYA8f9CJHCP4FB4D51c2c6JvN37xJJkJ0=
golang.org/x/text v0.24.0/go.mod h1:L8rBsPeo2pSS+xqN0d5u2ikmjtmoJbDBT1b7nHvFCdU=
gopkg.in/check.v1 v0.0.0-20161208181325-20d25e280405/go.mod h1:Co6ibVJAznAaIkqp8huTwlJQCZ016jof/cbN4VW5Yz0=
gopkg.in/check.v1 v1.0.0-20201130134442-10cb98267c6c h1:Hei/4ADfdWqJk1ZMxUNpqntNwaWcugrBjAiHlqqRiVk=
gopkg.in/check.v1 v1.0.0-20201130134442-10cb98267c6c/go.mod h1:JHkPIbrfpd72SG/EVd6muEfDQjcINNoR0C8j2r3qZ4Q=
gopkg.in/yaml.v3 v3.0.1 h1:fxVm/GzAzEWqLHuvctI91KS9hhNmmWOoWu0XTYJS7CA=
gopkg.in/yaml.v3 v3.0.1/go.mod h1:K4uyk7z7BCEPqu6E+C64Yfv1cQ7kz7rIZviUmN+EgEM=
