github.com/beevik/etree v1.5.0 h1:iaQZFSDS+3kYZiGoc9uKeOkUY3nYMXOKLl6KIJxiJWs=
github.com/beevik/etree v1.5.0/go.mod h1:gPNJNaBGVZ9AwsidazFZyygnd+0pAU38N4D+WemwKNs=
github.com/benoitkugler/textlayout-testdata v0.1.1 h1:AvFxBxpfrQd8v55qH59mZOJOQjtD6K2SFe9/HvnIbJk=
github.com/benoitkugler/textlayout-testdata v0.1.1/go.mod h1:i/qZl09BbUOtd7Bu/W1CAubRwTWrEXWq6JwMkw8wYxo=
github.com/boxesandglue/baseline-pdf v1.0.11 h1:4R7S/F9EAPvSR0JUKUOlijZR/vwqDOpbxX17/d8A9g8=
github.com/boxesandglue/baseline-pdf v1.0.11/go.mod h1:0jWmoFBL0boguGwc9BwcRSV2eo4S+1ZaqHlCPKlZH/U=
github.com/boxesandglue/boxesandglue v0.1.11 h1:FvTOhVEDqDWWNTN/82FIqJ3B78t8NHh+hZnluMn2z9M=
github.com/boxesandglue/boxesandglue v0.1.11/go.mod h1:zDWmAQ6kDF8Wu/5Md8SJDVqycG+8KiwnB1u9uEC4mwM=
github.com/boxesandglue/gofpdi v1.0.21 h1:3smZ4iP1LiegX/mvDDMoJMNbfrnR0DPyRpzygBQ5Ooo=
github.com/boxesandglue/gofpdi v1.0.21/go.mod h1:4wg4byd8re5WDzpSp9F4ODu5UjbeBc0sXXx15HTK4OI=
github.com/boxesandglue/textlayout v1.0.5 h1:kqnpeAlMCPtNINrgTjPu2tD0394caitjo1bBRUre9A4=
github.com/boxesandglue/textlayout v1.0.5/go.mod h1:mTPr03F8rHmxQqlzIAv0szMo7fTik6ocLTjOxoB66fE=
github.com/davecgh/go-spew v1.1.2-0.20180830191138-d8f796af33cc h1:U9qPSI2PIWSS1VwoXQT9A3Wy9MM3WgvqSxFWenqJduM=
github.com/davecgh/go-spew v1.1.2-0.20180830191138-d8f796af33cc/go.mod h1:J7Y8YcW2NihsgmVo/mv3lAwl/skON4iLHjSsI+c5H38=
github.com/google/uuid v1.6.0 h1:NIvaJDMOsjHA8n1jAhLSgzrAzy1Hgr+hNrb57e+94F0=
github.com/google/uuid v1.6.0/go.mod h1:TIyPZe4MgqvfeYDBFedMoGGpEw/LqOeaOT+nhxU+yHo=
github.com/pmezard/go-difflib v1.0.1-0.20181226105442-5d4384ee4fb2 h1:Jamvg5psRIccs7FGNTlIRMkT8wgtp5eCXdBlqhYGL6U=
github.com/pmezard/go-difflib v1.0.1-0.20181226105442-5d4384ee4fb2/go.mod h1:iKH77koFhYxTK1pcRnkKkqfTogsbg7gZNVY4sRDYZ/4=
github.com/speedata/cxpath v0.0.3 h1:0E/h2TEwOTOU8+ccG+OzePsbgdMHdpdkQ3qyloX31ko=
github.com/speedata/cxpath v0.0.3/go.mod h1:zqS/52UF+rYZ3a4FxQ2FmepzV6UAdUlfBoQl8i+cJMM=
github.com/speedata/goxml v1.0.4 h1:b/Y2haU0cwAeU1DJ7xGGPUk9AvmHtobnW0uOH8Ep5Ak=
github.com/speedata/goxml v1.0.4/go.mod h1:G++cv0h2rC8ltAhvQmANDgwMbKRd3MetXlF8PLob6dw=
github.com/speedata/goxpath v1.0.3 h1:V0nYlYxTz+m1QFgXTPW6pKbODa8fLmMV3JOs1zg7SrI=
github.com/speedata/goxpath v1.0.3/go.mod h1:3k2LikzJOQBJw1cEwT3RnpPTnXEwmFJqp+zUfOl6ArM=
github.com/speedata/hyphenation v1.0.1 h1:O9gKtVw2JvyiHybCYJwpB3zzHaeXEvDtXjiExZdm1TU=
github.com/speedata/hyphenation v1.0.1/go.mod h1:vwrKKvBvJWFll0sVZw99hyWS/+r4YlMI7MAYjnje0nM=
github.com/speedata/optionparser v1.0.5 h1:/SCyK+vIABU677JOKNM7HjE9/cUaXJvZJK1mDhX8VV8=
github.com/speedata/optionparser v1.0.5/go.mod h1:JzOMd1kGlM5gtPBy7reOayfHsTXCvd6P4JU8BW0LicE=
github.com/speedata/risorcxpath v0.0.1 h1:fzQoL9LuMquDr+AP8kbrLLkwdSX2tycIxAnzXUldDxA=
github.com/speedata/risorcxpath v0.0.1/go.mod h1:selEbR4dLhy4U58UF7/EgyVoYdrT3+iuqFvXLtJokEw=
github.com/stretchr/testify v1.10.0 h1:Xv5erBjTwe/5IxqUQTdXv5kgmIvbHo3QQyRwhJsOfJA=
github.com/stretchr/testify v1.10.0/go.mod h1:r2ic/lqez/lEtzL7wO/rwa5dbSLXVDPFyf8C91i36aY=
golang.org/x/image v0.27.0 h1:C8gA4oWU/tKkdCfYT6T2u4faJu3MeNS5O8UPWlPF61w=
golang.org/x/image v0.27.0/go.mod h1:xbdrClrAUway1MUTEZDq9mz/UpRwYAkFFNUslZtcB+g=
golang.org/x/net v0.40.0 h1:79Xs7wF06Gbdcg4kdCCIQArK11Z1hr5POQ6+fIYHNuY=
golang.org/x/net v0.40.0/go.mod h1:y0hY0exeL2Pku80/zKK7tpntoX23cqL3Oa6njdgRtds=
golang.org/x/text v0.25.0 h1:qVyWApTSYLk/drJRO5mDlNYskwQznZmkpV2c8q9zls4=
golang.org/x/text v0.25.0/go.mod h1:WEdwpYrmk1qmdHvhkSTNPm3app7v4rsT8F2UD6+VHIA=
gopkg.in/yaml.v3 v3.0.1 h1:fxVm/GzAzEWqLHuvctI91KS9hhNmmWOoWu0XTYJS7CA=
gopkg.in/yaml.v3 v3.0.1/go.mod h1:K4uyk7z7BCEPqu6E+C64Yfv1cQ7kz7rIZviUmN+EgEM=
